
Microsoft Visual Studio Solution File, Format Version 12.00
Project("{FAE04EC0-301F-11D3-BF4B-00C04F79EFBC}") = "RecipesBackend", "RecipesBackend\RecipesBackend.csproj", "{19913045-5753-4B6C-9131-9DECF83FB764}"
EndProject
Global
	GlobalSection(SolutionConfigurationPlatforms) = preSolution
		Debug|Any CPU = Debug|Any CPU
		Release|Any CPU = Release|Any CPU
	EndGlobalSection
	GlobalSection(ProjectConfigurationPlatforms) = postSolution
		{19913045-5753-4B6C-9131-9DECF83FB764}.Debug|Any CPU.ActiveCfg = Debug|Any CPU
		{19913045-5753-4B6C-9131-9DECF83FB764}.Debug|Any CPU.Build.0 = Debug|Any CPU
		{19913045-5753-4B6C-9131-9DECF83FB764}.Release|Any CPU.ActiveCfg = Release|Any CPU
		{19913045-5753-4B6C-9131-9DECF83FB764}.Release|Any CPU.Build.0 = Release|Any CPU
	EndGlobalSection
EndGlobal
